
Microsoft Visual Studio Solution File, Format Version 12.00
# Visual Studio 15
VisualStudioVersion = 15.0.26430.12
MinimumVisualStudioVersion = 10.0.40219.1
Project("{2150E333-8FDC-42A3-9474-1A3956D46DE8}") = "src", "src", "{741239A5-F1DB-46CF-85AB-AEF531574975}"
EndProject
Project("{2150E333-8FDC-42A3-9474-1A3956D46DE8}") = "Solution Items", "Solution Items", "{BF95A81F-DA1D-4790-917B-51DCFFA9F94D}"
	ProjectSection(SolutionItems) = preProject
		README.md = README.md
	EndProjectSection
EndProject
Project("{2150E333-8FDC-42A3-9474-1A3956D46DE8}") = "test", "test", "{0838A366-8840-459B-898F-B5974D5B5582}"
EndProject
Project("{9A19103F-16F7-4668-BE54-9A1E7A4F7556}") = "Mime", "src\Mime\Mime.csproj", "{08FAB9A9-6B82-4CE8-9641-423190F6206B}"
EndProject
Project("{9A19103F-16F7-4668-BE54-9A1E7A4F7556}") = "MimeTests", "test\MimeTests\MimeTests.csproj", "{EFF34B03-3E19-442E-947B-826976EF3552}"
EndProject
Global
	GlobalSection(SolutionConfigurationPlatforms) = preSolution
		Debug|Any CPU = Debug|Any CPU
		Debug|x64 = Debug|x64
		Debug|x86 = Debug|x86
		Release|Any CPU = Release|Any CPU
		Release|x64 = Release|x64
		Release|x86 = Release|x86
	EndGlobalSection
	GlobalSection(ProjectConfigurationPlatforms) = postSolution
		{08FAB9A9-6B82-4CE8-9641-423190F6206B}.Debug|Any CPU.ActiveCfg = Debug|Any CPU
		{08FAB9A9-6B82-4CE8-9641-423190F6206B}.Debug|Any CPU.Build.0 = Debug|Any CPU
		{08FAB9A9-6B82-4CE8-9641-423190F6206B}.Debug|x64.ActiveCfg = Debug|x64
		{08FAB9A9-6B82-4CE8-9641-423190F6206B}.Debug|x64.Build.0 = Debug|x64
		{08FAB9A9-6B82-4CE8-9641-423190F6206B}.Debug|x86.ActiveCfg = Debug|x86
		{08FAB9A9-6B82-4CE8-9641-423190F6206B}.Debug|x86.Build.0 = Debug|x86
		{08FAB9A9-6B82-4CE8-9641-423190F6206B}.Release|Any CPU.ActiveCfg = Release|Any CPU
		{08FAB9A9-6B82-4CE8-9641-423190F6206B}.Release|Any CPU.Build.0 = Release|Any CPU
		{08FAB9A9-6B82-4CE8-9641-423190F6206B}.Release|x64.ActiveCfg = Release|x64
		{08FAB9A9-6B82-4CE8-9641-423190F6206B}.Release|x64.Build.0 = Release|x64
		{08FAB9A9-6B82-4CE8-9641-423190F6206B}.Release|x86.ActiveCfg = Release|x86
		{08FAB9A9-6B82-4CE8-9641-423190F6206B}.Release|x86.Build.0 = Release|x86
		{EFF34B03-3E19-442E-947B-826976EF3552}.Debug|Any CPU.ActiveCfg = Debug|Any CPU
		{EFF34B03-3E19-442E-947B-826976EF3552}.Debug|Any CPU.Build.0 = Debug|Any CPU
		{EFF34B03-3E19-442E-947B-826976EF3552}.Debug|x64.ActiveCfg = Debug|x64
		{EFF34B03-3E19-442E-947B-826976EF3552}.Debug|x64.Build.0 = Debug|x64
		{EFF34B03-3E19-442E-947B-826976EF3552}.Debug|x86.ActiveCfg = Debug|x86
		{EFF34B03-3E19-442E-947B-826976EF3552}.Debug|x86.Build.0 = Debug|x86
		{EFF34B03-3E19-442E-947B-826976EF3552}.Release|Any CPU.ActiveCfg = Release|Any CPU
		{EFF34B03-3E19-442E-947B-826976EF3552}.Release|Any CPU.Build.0 = Release|Any CPU
		{EFF34B03-3E19-442E-947B-826976EF3552}.Release|x64.ActiveCfg = Release|x64
		{EFF34B03-3E19-442E-947B-826976EF3552}.Release|x64.Build.0 = Release|x64
		{EFF34B03-3E19-442E-947B-826976EF3552}.Release|x86.ActiveCfg = Release|x86
		{EFF34B03-3E19-442E-947B-826976EF3552}.Release|x86.Build.0 = Release|x86
	EndGlobalSection
	GlobalSection(SolutionProperties) = preSolution
		HideSolutionNode = FALSE
	EndGlobalSection
	GlobalSection(NestedProjects) = preSolution
		{08FAB9A9-6B82-4CE8-9641-423190F6206B} = {741239A5-F1DB-46CF-85AB-AEF531574975}
		{EFF34B03-3E19-442E-947B-826976EF3552} = {0838A366-8840-459B-898F-B5974D5B5582}
	EndGlobalSection
EndGlobal
